
Microsoft Visual Studio Solution File, Format Version 12.00
# Visual Studio 15
VisualStudioVersion = 15.0.28307.1169
MinimumVisualStudioVersion = 10.0.40219.1
Project("{FAE04EC0-301F-11D3-BF4B-00C04F79EFBC}") = "ADMTrial", "ADMTrial\ADMTrial.csproj", "{8C516D5D-2AF0-4B82-873F-5DB26A2B79F7}"
EndProject
Global
	GlobalSection(SolutionConfigurationPlatforms) = preSolution
		Debug|Any CPU = Debug|Any CPU
		Release|Any CPU = Release|Any CPU
	EndGlobalSection
	GlobalSection(ProjectConfigurationPlatforms) = postSolution
		{8C516D5D-2AF0-4B82-873F-5DB26A2B79F7}.Debug|Any CPU.ActiveCfg = Debug|Any CPU
		{8C516D5D-2AF0-4B82-873F-5DB26A2B79F7}.Debug|Any CPU.Build.0 = Debug|Any CPU
		{8C516D5D-2AF0-4B82-873F-5DB26A2B79F7}.Release|Any CPU.ActiveCfg = Release|Any CPU
		{8C516D5D-2AF0-4B82-873F-5DB26A2B79F7}.Release|Any CPU.Build.0 = Release|Any CPU
	EndGlobalSection
	GlobalSection(SolutionProperties) = preSolution
		HideSolutionNode = FALSE
	EndGlobalSection
	GlobalSection(ExtensibilityGlobals) = postSolution
		SolutionGuid = {86B9FAD8-B5F6-4ECA-8C80-8B3A6D97F0D0}
	EndGlobalSection
EndGlobal
